// !$*UTF8*$!
{
	archiveVersion = 1;
	classes = {
	};
	objectVersion = 48;
	objects = {

/* Begin PBXBuildFile section */
		BD089FCE201B49C100B6EECC /* Explosion.sks in Resources */ = {isa = PBXBuildFile; fileRef = BD089FCD201B49C100B6EECC /* Explosion.sks */; };
		BD089FD0201B4A0100B6EECC /* Starfield.sks in Resources */ = {isa = PBXBuildFile; fileRef = BD089FCF201B4A0100B6EECC /* Starfield.sks */; };
		BD260477202B669C0018307B /* SpaceShip.swift in Sources */ = {isa = PBXBuildFile; fileRef = BD260476202B669C0018307B /* SpaceShip.swift */; };
		BD26EFFD20334FBA00AAA2DE /* EnemyBullets.swift in Sources */ = {isa = PBXBuildFile; fileRef = BD26EFFC20334FBA00AAA2DE /* EnemyBullets.swift */; };
		BD85925F20334D0D007C1F72 /* Extension.swift in Sources */ = {isa = PBXBuildFile; fileRef = BD85925E20334D0C007C1F72 /* Extension.swift */; };
		BDBC7A8B2030E68700F13BDC /* TimerManger.swift in Sources */ = {isa = PBXBuildFile; fileRef = BDBC7A8A2030E68700F13BDC /* TimerManger.swift */; };
		BDBC7A8D2030E98500F13BDC /* EnemyMove.swift in Sources */ = {isa = PBXBuildFile; fileRef = BDBC7A8C2030E98500F13BDC /* EnemyMove.swift */; };
		BDDE21B12028BC730055BDC1 /* ShipBullets.swift in Sources */ = {isa = PBXBuildFile; fileRef = BDDE21B02028BC730055BDC1 /* ShipBullets.swift */; };
		BDE430F52019F9FF001B2E97 /* AppDelegate.swift in Sources */ = {isa = PBXBuildFile; fileRef = BDE430F42019F9FF001B2E97 /* AppDelegate.swift */; };
		BDE430FB2019F9FF001B2E97 /* GameScene.swift in Sources */ = {isa = PBXBuildFile; fileRef = BDE430FA2019F9FF001B2E97 /* GameScene.swift */; };
		BDE430FD2019F9FF001B2E97 /* GameViewController.swift in Sources */ = {isa = PBXBuildFile; fileRef = BDE430FC2019F9FF001B2E97 /* GameViewController.swift */; };
		BDE431002019F9FF001B2E97 /* Main.storyboard in Resources */ = {isa = PBXBuildFile; fileRef = BDE430FE2019F9FF001B2E97 /* Main.storyboard */; };
		BDE431022019F9FF001B2E97 /* Assets.xcassets in Resources */ = {isa = PBXBuildFile; fileRef = BDE431012019F9FF001B2E97 /* Assets.xcassets */; };
		BDE431052019F9FF001B2E97 /* LaunchScreen.storyboard in Resources */ = {isa = PBXBuildFile; fileRef = BDE431032019F9FF001B2E97 /* LaunchScreen.storyboard */; };
		BDEC2B3E2029D95F0085E301 /* Enemy.swift in Sources */ = {isa = PBXBuildFile; fileRef = BDEC2B3D2029D95F0085E301 /* Enemy.swift */; };
/* End PBXBuildFile section */

/* Begin PBXFileReference section */
		BD089FCD201B49C100B6EECC /* Explosion.sks */ = {isa = PBXFileReference; lastKnownFileType = file.sks; path = Explosion.sks; sourceTree = "<group>"; };
		BD089FCF201B4A0100B6EECC /* Starfield.sks */ = {isa = PBXFileReference; lastKnownFileType = file.sks; path = Starfield.sks; sourceTree = "<group>"; };
		BD260476202B669C0018307B /* SpaceShip.swift */ = {isa = PBXFileReference; lastKnownFileType = sourcecode.swift; path = SpaceShip.swift; sourceTree = "<group>"; };
		BD26EFFC20334FBA00AAA2DE /* EnemyBullets.swift */ = {isa = PBXFileReference; fileEncoding = 4; lastKnownFileType = sourcecode.swift; path = EnemyBullets.swift; sourceTree = "<group>"; };
		BD85925E20334D0C007C1F72 /* Extension.swift */ = {isa = PBXFileReference; lastKnownFileType = sourcecode.swift; path = Extension.swift; sourceTree = "<group>"; };
		BDBC7A8A2030E68700F13BDC /* TimerManger.swift */ = {isa = PBXFileReference; lastKnownFileType = sourcecode.swift; path = TimerManger.swift; sourceTree = "<group>"; };
		BDBC7A8C2030E98500F13BDC /* EnemyMove.swift */ = {isa = PBXFileReference; lastKnownFileType = sourcecode.swift; path = EnemyMove.swift; sourceTree = "<group>"; };
		BDDE21B02028BC730055BDC1 /* ShipBullets.swift */ = {isa = PBXFileReference; lastKnownFileType = sourcecode.swift; path = ShipBullets.swift; sourceTree = "<group>"; };
		BDE430F12019F9FF001B2E97 /* SpaceWar.app */ = {isa = PBXFileReference; explicitFileType = wrapper.application; includeInIndex = 0; path = SpaceWar.app; sourceTree = BUILT_PRODUCTS_DIR; };
		BDE430F42019F9FF001B2E97 /* AppDelegate.swift */ = {isa = PBXFileReference; lastKnownFileType = sourcecode.swift; path = AppDelegate.swift; sourceTree = "<group>"; };
		BDE430FA2019F9FF001B2E97 /* GameScene.swift */ = {isa = PBXFileReference; lastKnownFileType = sourcecode.swift; path = GameScene.swift; sourceTree = "<group>"; };
		BDE430FC2019F9FF001B2E97 /* GameViewController.swift */ = {isa = PBXFileReference; lastKnownFileType = sourcecode.swift; path = GameViewController.swift; sourceTree = "<group>"; };
		BDE430FF2019F9FF001B2E97 /* Base */ = {isa = PBXFileReference; lastKnownFileType = file.storyboard; name = Base; path = Base.lproj/Main.storyboard; sourceTree = "<group>"; };
		BDE431012019F9FF001B2E97 /* Assets.xcassets */ = {isa = PBXFileReference; lastKnownFileType = folder.assetcatalog; path = Assets.xcassets; sourceTree = "<group>"; };
		BDE431042019F9FF001B2E97 /* Base */ = {isa = PBXFileReference; lastKnownFileType = file.storyboard; name = Base; path = Base.lproj/LaunchScreen.storyboard; sourceTree = "<group>"; };
		BDE431062019F9FF001B2E97 /* Info.plist */ = {isa = PBXFileReference; lastKnownFileType = text.plist.xml; path = Info.plist; sourceTree = "<group>"; };
		BDEC2B3D2029D95F0085E301 /* Enemy.swift */ = {isa = PBXFileReference; lastKnownFileType = sourcecode.swift; path = Enemy.swift; sourceTree = "<group>"; };
/* End PBXFileReference section */

/* Begin PBXFrameworksBuildPhase section */
		BDE430EE2019F9FF001B2E97 /* Frameworks */ = {
			isa = PBXFrameworksBuildPhase;
			buildActionMask = 2147483647;
			files = (
			);
			runOnlyForDeploymentPostprocessing = 0;
		};
/* End PBXFrameworksBuildPhase section */

/* Begin PBXGroup section */
		BDDE21B22028BC810055BDC1 /* Module */ = {
			isa = PBXGroup;
			children = (
				BD260476202B669C0018307B /* SpaceShip.swift */,
				BDDE21B02028BC730055BDC1 /* ShipBullets.swift */,
				BDEC2B3D2029D95F0085E301 /* Enemy.swift */,
				BDBC7A8C2030E98500F13BDC /* EnemyMove.swift */,
				BD26EFFC20334FBA00AAA2DE /* EnemyBullets.swift */,
				BDBC7A8A2030E68700F13BDC /* TimerManger.swift */,
				BD85925E20334D0C007C1F72 /* Extension.swift */,
			);
			path = Module;
			sourceTree = "<group>";
		};
		BDE430E82019F9FF001B2E97 = {
			isa = PBXGroup;
			children = (
				BDE430F32019F9FF001B2E97 /* SpaceWar */,
				BDE430F22019F9FF001B2E97 /* Products */,
			);
			sourceTree = "<group>";
		};
		BDE430F22019F9FF001B2E97 /* Products */ = {
			isa = PBXGroup;
			children = (
				BDE430F12019F9FF001B2E97 /* SpaceWar.app */,
			);
			name = Products;
			sourceTree = "<group>";
		};
		BDE430F32019F9FF001B2E97 /* SpaceWar */ = {
			isa = PBXGroup;
			children = (
				BDE430F42019F9FF001B2E97 /* AppDelegate.swift */,
				BDE430FA2019F9FF001B2E97 /* GameScene.swift */,
				BDDE21B22028BC810055BDC1 /* Module */,
				BDE430FC2019F9FF001B2E97 /* GameViewController.swift */,
				BDE430FE2019F9FF001B2E97 /* Main.storyboard */,
				BDE431012019F9FF001B2E97 /* Assets.xcassets */,
				BDE431032019F9FF001B2E97 /* LaunchScreen.storyboard */,
				BDE431062019F9FF001B2E97 /* Info.plist */,
				BD089FCD201B49C100B6EECC /* Explosion.sks */,
				BD089FCF201B4A0100B6EECC /* Starfield.sks */,
			);
			path = SpaceWar;
			sourceTree = "<group>";
		};
/* End PBXGroup section */

/* Begin PBXNativeTarget section */
		BDE430F02019F9FF001B2E97 /* SpaceWar */ = {
			isa = PBXNativeTarget;
			buildConfigurationList = BDE431092019F9FF001B2E97 /* Build configuration list for PBXNativeTarget "SpaceWar" */;
			buildPhases = (
				BDE430ED2019F9FF001B2E97 /* Sources */,
				BDE430EE2019F9FF001B2E97 /* Frameworks */,
				BDE430EF2019F9FF001B2E97 /* Resources */,
			);
			buildRules = (
			);
			dependencies = (
			);
			name = SpaceWar;
			productName = SpaceWar;
			productReference = BDE430F12019F9FF001B2E97 /* SpaceWar.app */;
			productType = "com.apple.product-type.application";
		};
/* End PBXNativeTarget section */

/* Begin PBXProject section */
		BDE430E92019F9FF001B2E97 /* Project object */ = {
			isa = PBXProject;
			attributes = {
				LastSwiftUpdateCheck = 0920;
				LastUpgradeCheck = 0920;
				ORGANIZATIONNAME = "黃健偉";
				TargetAttributes = {
					BDE430F02019F9FF001B2E97 = {
						CreatedOnToolsVersion = 9.2;
						ProvisioningStyle = Automatic;
					};
				};
			};
			buildConfigurationList = BDE430EC2019F9FF001B2E97 /* Build configuration list for PBXProject "SpaceWar" */;
			compatibilityVersion = "Xcode 8.0";
			developmentRegion = en;
			hasScannedForEncodings = 0;
			knownRegions = (
				en,
				Base,
			);
			mainGroup = BDE430E82019F9FF001B2E97;
			productRefGroup = BDE430F22019F9FF001B2E97 /* Products */;
			projectDirPath = "";
			projectRoot = "";
			targets = (
				BDE430F02019F9FF001B2E97 /* SpaceWar */,
			);
		};
/* End PBXProject section */

/* Begin PBXResourcesBuildPhase section */
		BDE430EF2019F9FF001B2E97 /* Resources */ = {
			isa = PBXResourcesBuildPhase;
			buildActionMask = 2147483647;
			files = (
				BD089FD0201B4A0100B6EECC /* Starfield.sks in Resources */,
				BDE431002019F9FF001B2E97 /* Main.storyboard in Resources */,
				BDE431022019F9FF001B2E97 /* Assets.xcassets in Resources */,
				BDE431052019F9FF001B2E97 /* LaunchScreen.storyboard in Resources */,
				BD089FCE201B49C100B6EECC /* Explosion.sks in Resources */,
			);
			runOnlyForDeploymentPostprocessing = 0;
		};
/* End PBXResourcesBuildPhase section */

/* Begin PBXSourcesBuildPhase section */
		BDE430ED2019F9FF001B2E97 /* Sources */ = {
			isa = PBXSourcesBuildPhase;
			buildActionMask = 2147483647;
			files = (
				BD26EFFD20334FBA00AAA2DE /* EnemyBullets.swift in Sources */,
				BD85925F20334D0D007C1F72 /* Extension.swift in Sources */,
				BD260477202B669C0018307B /* SpaceShip.swift in Sources */,
				BDE430FB2019F9FF001B2E97 /* GameScene.swift in Sources */,
				BDEC2B3E2029D95F0085E301 /* Enemy.swift in Sources */,
				BDE430FD2019F9FF001B2E97 /* GameViewController.swift in Sources */,
				BDBC7A8B2030E68700F13BDC /* TimerManger.swift in Sources */,
				BDE430F52019F9FF001B2E97 /* AppDelegate.swift in Sources */,
				BDDE21B12028BC730055BDC1 /* ShipBullets.swift in Sources */,
				BDBC7A8D2030E98500F13BDC /* EnemyMove.swift in Sources */,
			);
			runOnlyForDeploymentPostprocessing = 0;
		};
/* End PBXSourcesBuildPhase section */

/* Begin PBXVariantGroup section */
		BDE430FE2019F9FF001B2E97 /* Main.storyboard */ = {
			isa = PBXVariantGroup;
			children = (
				BDE430FF2019F9FF001B2E97 /* Base */,
			);
			name = Main.storyboard;
			sourceTree = "<group>";
		};
		BDE431032019F9FF001B2E97 /* LaunchScreen.storyboard */ = {
			isa = PBXVariantGroup;
			children = (
				BDE431042019F9FF001B2E97 /* Base */,
			);
			name = LaunchScreen.storyboard;
			sourceTree = "<group>";
		};
/* End PBXVariantGroup section */

/* Begin XCBuildConfiguration section */
		BDE431072019F9FF001B2E97 /* Debug */ = {
			isa = XCBuildConfiguration;
			buildSettings = {
				ALWAYS_SEARCH_USER_PATHS = NO;
				CLANG_ANALYZER_NONNULL = YES;
				CLANG_ANALYZER_NUMBER_OBJECT_CONVERSION = YES_AGGRESSIVE;
				CLANG_CXX_LANGUAGE_STANDARD = "gnu++14";
				CLANG_CXX_LIBRARY = "libc++";
				CLANG_ENABLE_MODULES = YES;
				CLANG_ENABLE_OBJC_ARC = YES;
				CLANG_WARN_BLOCK_CAPTURE_AUTORELEASING = YES;
				CLANG_WARN_BOOL_CONVERSION = YES;
				CLANG_WARN_COMMA = YES;
				CLANG_WARN_CONSTANT_CONVERSION = YES;
				CLANG_WARN_DIRECT_OBJC_ISA_USAGE = YES_ERROR;
				CLANG_WARN_DOCUMENTATION_COMMENTS = YES;
				CLANG_WARN_EMPTY_BODY = YES;
				CLANG_WARN_ENUM_CONVERSION = YES;
				CLANG_WARN_INFINITE_RECURSION = YES;
				CLANG_WARN_INT_CONVERSION = YES;
				CLANG_WARN_NON_LITERAL_NULL_CONVERSION = YES;
				CLANG_WARN_OBJC_LITERAL_CONVERSION = YES;
				CLANG_WARN_OBJC_ROOT_CLASS = YES_ERROR;
				CLANG_WARN_RANGE_LOOP_ANALYSIS = YES;
				CLANG_WARN_STRICT_PROTOTYPES = YES;
				CLANG_WARN_SUSPICIOUS_MOVE = YES;
				CLANG_WARN_UNGUARDED_AVAILABILITY = YES_AGGRESSIVE;
				CLANG_WARN_UNREACHABLE_CODE = YES;
				CLANG_WARN__DUPLICATE_METHOD_MATCH = YES;
				CODE_SIGN_IDENTITY = "iPhone Developer";
				COPY_PHASE_STRIP = NO;
				DEBUG_INFORMATION_FORMAT = dwarf;
				ENABLE_STRICT_OBJC_MSGSEND = YES;
				ENABLE_TESTABILITY = YES;
				GCC_C_LANGUAGE_STANDARD = gnu11;
				GCC_DYNAMIC_NO_PIC = NO;
				GCC_NO_COMMON_BLOCKS = YES;
				GCC_OPTIMIZATION_LEVEL = 0;
				GCC_PREPROCESSOR_DEFINITIONS = (
					"DEBUG=1",
					"$(inherited)",
				);
				GCC_WARN_64_TO_32_BIT_CONVERSION = YES;
				GCC_WARN_ABOUT_RETURN_TYPE = YES_ERROR;
				GCC_WARN_UNDECLARED_SELECTOR = YES;
				GCC_WARN_UNINITIALIZED_AUTOS = YES_AGGRESSIVE;
				GCC_WARN_UNUSED_FUNCTION = YES;
				GCC_WARN_UNUSED_VARIABLE = YES;
				IPHONEOS_DEPLOYMENT_TARGET = 11.2;
				MTL_ENABLE_DEBUG_INFO = YES;
				ONLY_ACTIVE_ARCH = YES;
				SDKROOT = iphoneos;
				SWIFT_ACTIVE_COMPILATION_CONDITIONS = DEBUG;
				SWIFT_OPTIMIZATION_LEVEL = "-Onone";
			};
			name = Debug;
		};
		BDE431082019F9FF001B2E97 /* Release */ = {
			isa = XCBuildConfiguration;
			buildSettings = {
				ALWAYS_SEARCH_USER_PATHS = NO;
				CLANG_ANALYZER_NONNULL = YES;
				CLANG_ANALYZER_NUMBER_OBJECT_CONVERSION = YES_AGGRESSIVE;
				CLANG_CXX_LANGUAGE_STANDARD = "gnu++14";
				CLANG_CXX_LIBRARY = "libc++";
				CLANG_ENABLE_MODULES = YES;
				CLANG_ENABLE_OBJC_ARC = YES;
				CLANG_WARN_BLOCK_CAPTURE_AUTORELEASING = YES;
				CLANG_WARN_BOOL_CONVERSION = YES;
				CLANG_WARN_COMMA = YES;
				CLANG_WARN_CONSTANT_CONVERSION = YES;
				CLANG_WARN_DIRECT_OBJC_ISA_USAGE = YES_ERROR;
				CLANG_WARN_DOCUMENTATION_COMMENTS = YES;
				CLANG_WARN_EMPTY_BODY = YES;
				CLANG_WARN_ENUM_CONVERSION = YES;
				CLANG_WARN_INFINITE_RECURSION = YES;
				CLANG_WARN_INT_CONVERSION = YES;
				CLANG_WARN_NON_LITERAL_NULL_CONVERSION = YES;
				CLANG_WARN_OBJC_LITERAL_CONVERSION = YES;
				CLANG_WARN_OBJC_ROOT_CLASS = YES_ERROR;
				CLANG_WARN_RANGE_LOOP_ANALYSIS = YES;
				CLANG_WARN_STRICT_PROTOTYPES = YES;
				CLANG_WARN_SUSPICIOUS_MOVE = YES;
				CLANG_WARN_UNGUARDED_AVAILABILITY = YES_AGGRESSIVE;
				CLANG_WARN_UNREACHABLE_CODE = YES;
				CLANG_WARN__DUPLICATE_METHOD_MATCH = YES;
				CODE_SIGN_IDENTITY = "iPhone Developer";
				COPY_PHASE_STRIP = NO;
				DEBUG_INFORMATION_FORMAT = "dwarf-with-dsym";
				ENABLE_NS_ASSERTIONS = NO;
				ENABLE_STRICT_OBJC_MSGSEND = YES;
				GCC_C_LANGUAGE_STANDARD = gnu11;
				GCC_NO_COMMON_BLOCKS = YES;
				GCC_WARN_64_TO_32_BIT_CONVERSION = YES;
				GCC_WARN_ABOUT_RETURN_TYPE = YES_ERROR;
				GCC_WARN_UNDECLARED_SELECTOR = YES;
				GCC_WARN_UNINITIALIZED_AUTOS = YES_AGGRESSIVE;
				GCC_WARN_UNUSED_FUNCTION = YES;
				GCC_WARN_UNUSED_VARIABLE = YES;
				IPHONEOS_DEPLOYMENT_TARGET = 11.2;
				MTL_ENABLE_DEBUG_INFO = NO;
				SDKROOT = iphoneos;
				SWIFT_OPTIMIZATION_LEVEL = "-Owholemodule";
				VALIDATE_PRODUCT = YES;
			};
			name = Release;
		};
		BDE4310A2019F9FF001B2E97 /* Debug */ = {
			isa = XCBuildConfiguration;
			buildSettings = {
				ASSETCATALOG_COMPILER_APPICON_NAME = AppIcon;
				CODE_SIGN_STYLE = Automatic;
				DEVELOPMENT_TEAM = X275EE44EJ;
				INFOPLIST_FILE = SpaceWar/Info.plist;
				LD_RUNPATH_SEARCH_PATHS = "$(inherited) @executable_path/Frameworks";
				PRODUCT_BUNDLE_IDENTIFIER = Johnson.SpaceWar;
				PRODUCT_NAME = "$(TARGET_NAME)";
				SWIFT_VERSION = 4.0;
				TARGETED_DEVICE_FAMILY = "1,2";
			};
			name = Debug;
		};
		BDE4310B2019F9FF001B2E97 /* Release */ = {
			isa = XCBuildConfiguration;
			buildSettings = {
				ASSETCATALOG_COMPILER_APPICON_NAME = AppIcon;
				CODE_SIGN_STYLE = Automatic;
				DEVELOPMENT_TEAM = X275EE44EJ;
				INFOPLIST_FILE = SpaceWar/Info.plist;
				LD_RUNPATH_SEARCH_PATHS = "$(inherited) @executable_path/Frameworks";
				PRODUCT_BUNDLE_IDENTIFIER = Johnson.SpaceWar;
				PRODUCT_NAME = "$(TARGET_NAME)";
				SWIFT_VERSION = 4.0;
				TARGETED_DEVICE_FAMILY = "1,2";
			};
			name = Release;
		};
/* End XCBuildConfiguration section */

/* Begin XCConfigurationList section */
		BDE430EC2019F9FF001B2E97 /* Build configuration list for PBXProject "SpaceWar" */ = {
			isa = XCConfigurationList;
			buildConfigurations = (
				BDE431072019F9FF001B2E97 /* Debug */,
				BDE431082019F9FF001B2E97 /* Release */,
			);
			defaultConfigurationIsVisible = 0;
			defaultConfigurationName = Release;
		};
		BDE431092019F9FF001B2E97 /* Build configuration list for PBXNativeTarget "SpaceWar" */ = {
			isa = XCConfigurationList;
			buildConfigurations = (
				BDE4310A2019F9FF001B2E97 /* Debug */,
				BDE4310B2019F9FF001B2E97 /* Release */,
			);
			defaultConfigurationIsVisible = 0;
			defaultConfigurationName = Release;
		};
/* End XCConfigurationList section */
	};
	rootObject = BDE430E92019F9FF001B2E97 /* Project object */;
}
